PODS:
  - Gifu (3.2.0)
  - SnapKit (5.0.1)

DEPENDENCIES:
  - Gifu
  - SnapKit

SPEC REPOS:
  trunk:
    - Gifu
    - SnapKit

SPEC CHECKSUMS:
  Gifu: 7bcb6427457d85e0b4dff5a84ec5947ac19a93ea
  SnapKit: 97b92857e3df3a0c71833cce143274bf6ef8e5eb

PODFILE CHECKSUM: acb5e5742e9102252784824721da8012a96f8326

COCOAPODS: 1.8.4
