PODS:
  - SnapKit (5.0.1)
  - SwiftyGif (5.2.0)

DEPENDENCIES:
  - SnapKit
  - SwiftyGif

SPEC REPOS:
  trunk:
    - SnapKit
    - SwiftyGif

SPEC CHECKSUMS:
  SnapKit: 97b92857e3df3a0c71833cce143274bf6ef8e5eb
  SwiftyGif: b85c6b33a9411859d9e1db998b6a8214aea942df

PODFILE CHECKSUM: d9d2cc8222016343938393b4cdd909136a61bc7e

COCOAPODS: 1.8.4
